
Microsoft Visual Studio Solution File, Format Version 12.00
# Visual Studio Version 17
VisualStudioVersion = 17.5.33424.131
MinimumVisualStudioVersion = 10.0.40219.1
Project("{FAE04EC0-301F-11D3-BF4B-00C04F79EFBC}") = "Hashing", "Hashing\Hashing.csproj", "{990319C7-0717-417B-8FB5-F426184C6428}"
EndProject
Global
	GlobalSection(SolutionConfigurationPlatforms) = preSolution
		Debug|Any CPU = Debug|Any CPU
		Release|Any CPU = Release|Any CPU
	EndGlobalSection
	GlobalSection(ProjectConfigurationPlatforms) = postSolution
		{990319C7-0717-417B-8FB5-F426184C6428}.Debug|Any CPU.ActiveCfg = Debug|Any CPU
		{990319C7-0717-417B-8FB5-F426184C6428}.Debug|Any CPU.Build.0 = Debug|Any CPU
		{990319C7-0717-417B-8FB5-F426184C6428}.Release|Any CPU.ActiveCfg = Release|Any CPU
		{990319C7-0717-417B-8FB5-F426184C6428}.Release|Any CPU.Build.0 = Release|Any CPU
	EndGlobalSection
	GlobalSection(SolutionProperties) = preSolution
		HideSolutionNode = FALSE
	EndGlobalSection
	GlobalSection(ExtensibilityGlobals) = postSolution
		SolutionGuid = {3F13D0EC-B376-49EB-AAD5-1444413A4AA5}
	EndGlobalSection
EndGlobal
